
Microsoft Visual Studio Solution File, Format Version 12.00
# Visual Studio Version 16
VisualStudioVersion = 16.0.31410.357
MinimumVisualStudioVersion = 10.0.40219.1
Project("{9A19103F-16F7-4668-BE54-9A1E7A4F7556}") = "DevIO.Business", "src\DevIO.Business\DevIO.Business.csproj", "{DE8865A3-9ED9-4CBE-AE09-031C1A8ED553}"
EndProject
Project("{9A19103F-16F7-4668-BE54-9A1E7A4F7556}") = "DevIO.Data", "src\DevIO.Data\DevIO.Data.csproj", "{237FB30D-2235-4A96-BD27-0EC276B6D72E}"
EndProject
Project("{FAE04EC0-301F-11D3-BF4B-00C04F79EFBC}") = "DevIO.Api", "src\DevIO.Api\DevIO.Api.csproj", "{3D375CD3-54BC-4961-ADCF-B76A5E9C053B}"
EndProject
Global
	GlobalSection(SolutionConfigurationPlatforms) = preSolution
		Debug|Any CPU = Debug|Any CPU
		Release|Any CPU = Release|Any CPU
	EndGlobalSection
	GlobalSection(ProjectConfigurationPlatforms) = postSolution
		{DE8865A3-9ED9-4CBE-AE09-031C1A8ED553}.Debug|Any CPU.ActiveCfg = Debug|Any CPU
		{DE8865A3-9ED9-4CBE-AE09-031C1A8ED553}.Debug|Any CPU.Build.0 = Debug|Any CPU
		{DE8865A3-9ED9-4CBE-AE09-031C1A8ED553}.Release|Any CPU.ActiveCfg = Release|Any CPU
		{DE8865A3-9ED9-4CBE-AE09-031C1A8ED553}.Release|Any CPU.Build.0 = Release|Any CPU
		{237FB30D-2235-4A96-BD27-0EC276B6D72E}.Debug|Any CPU.ActiveCfg = Debug|Any CPU
		{237FB30D-2235-4A96-BD27-0EC276B6D72E}.Debug|Any CPU.Build.0 = Debug|Any CPU
		{237FB30D-2235-4A96-BD27-0EC276B6D72E}.Release|Any CPU.ActiveCfg = Release|Any CPU
		{237FB30D-2235-4A96-BD27-0EC276B6D72E}.Release|Any CPU.Build.0 = Release|Any CPU
		{3D375CD3-54BC-4961-ADCF-B76A5E9C053B}.Debug|Any CPU.ActiveCfg = Debug|Any CPU
		{3D375CD3-54BC-4961-ADCF-B76A5E9C053B}.Debug|Any CPU.Build.0 = Debug|Any CPU
		{3D375CD3-54BC-4961-ADCF-B76A5E9C053B}.Release|Any CPU.ActiveCfg = Release|Any CPU
		{3D375CD3-54BC-4961-ADCF-B76A5E9C053B}.Release|Any CPU.Build.0 = Release|Any CPU
	EndGlobalSection
	GlobalSection(SolutionProperties) = preSolution
		HideSolutionNode = FALSE
	EndGlobalSection
	GlobalSection(ExtensibilityGlobals) = postSolution
		SolutionGuid = {963770B6-12BD-4DF6-97FD-1DB171BDB855}
	EndGlobalSection
EndGlobal
